
Microsoft Visual Studio Solution File, Format Version 12.00
# Visual Studio Version 16
VisualStudioVersion = 16.0.31205.134
MinimumVisualStudioVersion = 10.0.40219.1
Project("{FAE04EC0-301F-11D3-BF4B-00C04F79EFBC}") = "ProjectSalesWeb", "ProjectSalesWeb\ProjectSalesWeb.csproj", "{3B850A3B-DF27-410C-B281-2D5CA971AF59}"
EndProject
Global
	GlobalSection(SolutionConfigurationPlatforms) = preSolution
		Debug|Any CPU = Debug|Any CPU
		Release|Any CPU = Release|Any CPU
	EndGlobalSection
	GlobalSection(ProjectConfigurationPlatforms) = postSolution
		{3B850A3B-DF27-410C-B281-2D5CA971AF59}.Debug|Any CPU.ActiveCfg = Debug|Any CPU
		{3B850A3B-DF27-410C-B281-2D5CA971AF59}.Debug|Any CPU.Build.0 = Debug|Any CPU
		{3B850A3B-DF27-410C-B281-2D5CA971AF59}.Release|Any CPU.ActiveCfg = Release|Any CPU
		{3B850A3B-DF27-410C-B281-2D5CA971AF59}.Release|Any CPU.Build.0 = Release|Any CPU
	EndGlobalSection
	GlobalSection(SolutionProperties) = preSolution
		HideSolutionNode = FALSE
	EndGlobalSection
	GlobalSection(ExtensibilityGlobals) = postSolution
		SolutionGuid = {0D034058-EE89-4781-BFED-23E40BA7AFBB}
	EndGlobalSection
EndGlobal
